
Microsoft Visual Studio Solution File, Format Version 12.00
# Visual Studio Version 17
VisualStudioVersion = 17.14.36121.58
MinimumVisualStudioVersion = 10.0.40219.1
Project("{E53339B2-1760-4266-BCC7-CA923CBCF16C}") = "docker-compose", "docker-compose.dcproj", "{1B9E55CD-8A1E-49A9-8B52-C6902F48674B}"
EndProject
Project("{FAE04EC0-301F-11D3-BF4B-00C04F79EFBC}") = "EcommerceApi", "EcommerceApi\EcommerceApi.csproj", "{AFF49090-42E7-A6CA-7333-88E768461EA8}"
EndProject
Project("{FAE04EC0-301F-11D3-BF4B-00C04F79EFBC}") = "EcommerceWeb", "EcommerceWeb\EcommerceWeb.csproj", "{92ED45AA-F589-4B25-B858-AA0333B12E02}"
EndProject
Global
	GlobalSection(SolutionConfigurationPlatforms) = preSolution
		Debug|Any CPU = Debug|Any CPU
		Release|Any CPU = Release|Any CPU
	EndGlobalSection
	GlobalSection(ProjectConfigurationPlatforms) = postSolution
		{1B9E55CD-8A1E-49A9-8B52-C6902F48674B}.Debug|Any CPU.ActiveCfg = Debug|Any CPU
		{1B9E55CD-8A1E-49A9-8B52-C6902F48674B}.Debug|Any CPU.Build.0 = Debug|Any CPU
		{1B9E55CD-8A1E-49A9-8B52-C6902F48674B}.Release|Any CPU.ActiveCfg = Release|Any CPU
		{1B9E55CD-8A1E-49A9-8B52-C6902F48674B}.Release|Any CPU.Build.0 = Release|Any CPU
		{AFF49090-42E7-A6CA-7333-88E768461EA8}.Debug|Any CPU.ActiveCfg = Debug|Any CPU
		{AFF49090-42E7-A6CA-7333-88E768461EA8}.Debug|Any CPU.Build.0 = Debug|Any CPU
		{AFF49090-42E7-A6CA-7333-88E768461EA8}.Release|Any CPU.ActiveCfg = Release|Any CPU
		{AFF49090-42E7-A6CA-7333-88E768461EA8}.Release|Any CPU.Build.0 = Release|Any CPU
		{92ED45AA-F589-4B25-B858-AA0333B12E02}.Debug|Any CPU.ActiveCfg = Debug|Any CPU
		{92ED45AA-F589-4B25-B858-AA0333B12E02}.Debug|Any CPU.Build.0 = Debug|Any CPU
		{92ED45AA-F589-4B25-B858-AA0333B12E02}.Release|Any CPU.ActiveCfg = Release|Any CPU
		{92ED45AA-F589-4B25-B858-AA0333B12E02}.Release|Any CPU.Build.0 = Release|Any CPU
	EndGlobalSection
	GlobalSection(SolutionProperties) = preSolution
		HideSolutionNode = FALSE
	EndGlobalSection
	GlobalSection(ExtensibilityGlobals) = postSolution
		SolutionGuid = {C466B288-690D-4FED-BD03-260B666D038B}
	EndGlobalSection
EndGlobal
